// !$*UTF8*$!
{
	archiveVersion = 1;
	classes = {
	};
	objectVersion = 46;
	objects = {

/* Begin PBXBuildFile section */
		D40254FA1A895B6700F218D3 /* MyLabelCell.m in Sources */ = {isa = PBXBuildFile; fileRef = D40254F91A895B6700F218D3 /* MyLabelCell.m */; };
		D40ADA251A83BFAD00E23C48 /* main.m in Sources */ = {isa = PBXBuildFile; fileRef = D40ADA241A83BFAD00E23C48 /* main.m */; };
		D40ADA281A83BFAD00E23C48 /* AppDelegate.m in Sources */ = {isa = PBXBuildFile; fileRef = D40ADA271A83BFAD00E23C48 /* AppDelegate.m */; };
		D40ADA2B1A83BFAD00E23C48 /* MyCollectionViewController.m in Sources */ = {isa = PBXBuildFile; fileRef = D40ADA2A1A83BFAD00E23C48 /* MyCollectionViewController.m */; };
		D40ADA2E1A83BFAD00E23C48 /* JumpSum.storyboard in Resources */ = {isa = PBXBuildFile; fileRef = D40ADA2C1A83BFAD00E23C48 /* JumpSum.storyboard */; };
		D40ADA301A83BFAD00E23C48 /* Images.xcassets in Resources */ = {isa = PBXBuildFile; fileRef = D40ADA2F1A83BFAD00E23C48 /* Images.xcassets */; };
		D40ADA331A83BFAD00E23C48 /* LaunchScreen.xib in Resources */ = {isa = PBXBuildFile; fileRef = D40ADA311A83BFAD00E23C48 /* LaunchScreen.xib */; };
		D40ADA3F1A83BFAD00E23C48 /* jumpsumTests.m in Sources */ = {isa = PBXBuildFile; fileRef = D40ADA3E1A83BFAD00E23C48 /* jumpsumTests.m */; };
		D40ADA4A1A83C31E00E23C48 /* MyCollectionViewCell.m in Sources */ = {isa = PBXBuildFile; fileRef = D40ADA491A83C31E00E23C48 /* MyCollectionViewCell.m */; };
		D40ADA4D1A83C3EB00E23C48 /* Gameboard.m in Sources */ = {isa = PBXBuildFile; fileRef = D40ADA4C1A83C3EB00E23C48 /* Gameboard.m */; };
		D43377D31A8410D6009CFDF0 /* MyCollectionViewLayout.m in Sources */ = {isa = PBXBuildFile; fileRef = D43377D21A8410D6009CFDF0 /* MyCollectionViewLayout.m */; };
		D462260B1A8A9B8500CBB758 /* CellPair.m in Sources */ = {isa = PBXBuildFile; fileRef = D462260A1A8A9B8500CBB758 /* CellPair.m */; };
		D497E61F1A8565EA00CDC930 /* MyButtonCell.m in Sources */ = {isa = PBXBuildFile; fileRef = D497E61E1A8565EA00CDC930 /* MyButtonCell.m */; };
		D4F72BE21A8BEF73002F5B25 /* GoogleMobileAds.framework in Frameworks */ = {isa = PBXBuildFile; fileRef = D4F72BE11A8BEF73002F5B25 /* GoogleMobileAds.framework */; };
		D4F72BE51A8BF208002F5B25 /* MyBannerCell.m in Sources */ = {isa = PBXBuildFile; fileRef = D4F72BE41A8BF208002F5B25 /* MyBannerCell.m */; };
/* End PBXBuildFile section */

/* Begin PBXContainerItemProxy section */
		D40ADA391A83BFAD00E23C48 /* PBXContainerItemProxy */ = {
			isa = PBXContainerItemProxy;
			containerPortal = D40ADA171A83BFAD00E23C48 /* Project object */;
			proxyType = 1;
			remoteGlobalIDString = D40ADA1E1A83BFAD00E23C48;
			remoteInfo = jumpsum;
		};
/* End PBXContainerItemProxy section */

/* Begin PBXFileReference section */
		D40254F81A895B6700F218D3 /* MyLabelCell.h */ = {isa = PBXFileReference; fileEncoding = 4; lastKnownFileType = sourcecode.c.h; path = MyLabelCell.h; sourceTree = "<group>"; };
		D40254F91A895B6700F218D3 /* MyLabelCell.m */ = {isa = PBXFileReference; fileEncoding = 4; lastKnownFileType = sourcecode.c.objc; path = MyLabelCell.m; sourceTree = "<group>"; };
		D40ADA1F1A83BFAD00E23C48 /* jumpsum.app */ = {isa = PBXFileReference; explicitFileType = wrapper.application; includeInIndex = 0; path = jumpsum.app; sourceTree = BUILT_PRODUCTS_DIR; };
		D40ADA231A83BFAD00E23C48 /* Info.plist */ = {isa = PBXFileReference; lastKnownFileType = text.plist.xml; path = Info.plist; sourceTree = "<group>"; };
		D40ADA241A83BFAD00E23C48 /* main.m */ = {isa = PBXFileReference; lastKnownFileType = sourcecode.c.objc; path = main.m; sourceTree = "<group>"; };
		D40ADA261A83BFAD00E23C48 /* AppDelegate.h */ = {isa = PBXFileReference; lastKnownFileType = sourcecode.c.h; path = AppDelegate.h; sourceTree = "<group>"; };
		D40ADA271A83BFAD00E23C48 /* AppDelegate.m */ = {isa = PBXFileReference; lastKnownFileType = sourcecode.c.objc; path = AppDelegate.m; sourceTree = "<group>"; };
		D40ADA291A83BFAD00E23C48 /* MyCollectionViewController.h */ = {isa = PBXFileReference; lastKnownFileType = sourcecode.c.h; path = MyCollectionViewController.h; sourceTree = "<group>"; };
		D40ADA2A1A83BFAD00E23C48 /* MyCollectionViewController.m */ = {isa = PBXFileReference; lastKnownFileType = sourcecode.c.objc; path = MyCollectionViewController.m; sourceTree = "<group>"; };
		D40ADA2D1A83BFAD00E23C48 /* Base */ = {isa = PBXFileReference; lastKnownFileType = file.storyboard; name = Base; path = Base.lproj/JumpSum.storyboard; sourceTree = "<group>"; };
		D40ADA2F1A83BFAD00E23C48 /* Images.xcassets */ = {isa = PBXFileReference; lastKnownFileType = folder.assetcatalog; path = Images.xcassets; sourceTree = "<group>"; };
		D40ADA321A83BFAD00E23C48 /* Base */ = {isa = PBXFileReference; lastKnownFileType = file.xib; name = Base; path = Base.lproj/LaunchScreen.xib; sourceTree = "<group>"; };
		D40ADA381A83BFAD00E23C48 /* jumpsumTests.xctest */ = {isa = PBXFileReference; explicitFileType = wrapper.cfbundle; includeInIndex = 0; path = jumpsumTests.xctest; sourceTree = BUILT_PRODUCTS_DIR; };
		D40ADA3D1A83BFAD00E23C48 /* Info.plist */ = {isa = PBXFileReference; lastKnownFileType = text.plist.xml; path = Info.plist; sourceTree = "<group>"; };
		D40ADA3E1A83BFAD00E23C48 /* jumpsumTests.m */ = {isa = PBXFileReference; lastKnownFileType = sourcecode.c.objc; path = jumpsumTests.m; sourceTree = "<group>"; };
		D40ADA481A83C2DC00E23C48 /* MyCollectionViewCell.h */ = {isa = PBXFileReference; fileEncoding = 4; lastKnownFileType = sourcecode.c.h; path = MyCollectionViewCell.h; sourceTree = "<group>"; };
		D40ADA491A83C31E00E23C48 /* MyCollectionViewCell.m */ = {isa = PBXFileReference; fileEncoding = 4; lastKnownFileType = sourcecode.c.objc; path = MyCollectionViewCell.m; sourceTree = "<group>"; };
		D40ADA4B1A83C3EB00E23C48 /* Gameboard.h */ = {isa = PBXFileReference; fileEncoding = 4; lastKnownFileType = sourcecode.c.h; path = Gameboard.h; sourceTree = "<group>"; };
		D40ADA4C1A83C3EB00E23C48 /* Gameboard.m */ = {isa = PBXFileReference; fileEncoding = 4; lastKnownFileType = sourcecode.c.objc; path = Gameboard.m; sourceTree = "<group>"; };
		D43377D11A8410D6009CFDF0 /* MyCollectionViewLayout.h */ = {isa = PBXFileReference; fileEncoding = 4; lastKnownFileType = sourcecode.c.h; path = MyCollectionViewLayout.h; sourceTree = "<group>"; };
		D43377D21A8410D6009CFDF0 /* MyCollectionViewLayout.m */ = {isa = PBXFileReference; fileEncoding = 4; lastKnownFileType = sourcecode.c.objc; path = MyCollectionViewLayout.m; sourceTree = "<group>"; };
		D46226091A8A9B8500CBB758 /* CellPair.h */ = {isa = PBXFileReference; fileEncoding = 4; lastKnownFileType = sourcecode.c.h; path = CellPair.h; sourceTree = "<group>"; };
		D462260A1A8A9B8500CBB758 /* CellPair.m */ = {isa = PBXFileReference; fileEncoding = 4; lastKnownFileType = sourcecode.c.objc; path = CellPair.m; sourceTree = "<group>"; };
		D497E61D1A8565EA00CDC930 /* MyButtonCell.h */ = {isa = PBXFileReference; fileEncoding = 4; lastKnownFileType = sourcecode.c.h; path = MyButtonCell.h; sourceTree = "<group>"; };
		D497E61E1A8565EA00CDC930 /* MyButtonCell.m */ = {isa = PBXFileReference; fileEncoding = 4; lastKnownFileType = sourcecode.c.objc; path = MyButtonCell.m; sourceTree = "<group>"; };
		D4F72BE11A8BEF73002F5B25 /* GoogleMobileAds.framework */ = {isa = PBXFileReference; lastKnownFileType = wrapper.framework; path = GoogleMobileAds.framework; sourceTree = "<group>"; };
		D4F72BE31A8BF208002F5B25 /* MyBannerCell.h */ = {isa = PBXFileReference; fileEncoding = 4; lastKnownFileType = sourcecode.c.h; path = MyBannerCell.h; sourceTree = "<group>"; };
		D4F72BE41A8BF208002F5B25 /* MyBannerCell.m */ = {isa = PBXFileReference; fileEncoding = 4; lastKnownFileType = sourcecode.c.objc; path = MyBannerCell.m; sourceTree = "<group>"; };
/* End PBXFileReference section */

/* Begin PBXFrameworksBuildPhase section */
		D40ADA1C1A83BFAD00E23C48 /* Frameworks */ = {
			isa = PBXFrameworksBuildPhase;
			buildActionMask = 2147483647;
			files = (
				D4F72BE21A8BEF73002F5B25 /* GoogleMobileAds.framework in Frameworks */,
			);
			runOnlyForDeploymentPostprocessing = 0;
		};
		D40ADA351A83BFAD00E23C48 /* Frameworks */ = {
			isa = PBXFrameworksBuildPhase;
			buildActionMask = 2147483647;
			files = (
			);
			runOnlyForDeploymentPostprocessing = 0;
		};
/* End PBXFrameworksBuildPhase section */

/* Begin PBXGroup section */
		D40ADA161A83BFAD00E23C48 = {
			isa = PBXGroup;
			children = (
				D4F72BE11A8BEF73002F5B25 /* GoogleMobileAds.framework */,
				D40ADA211A83BFAD00E23C48 /* jumpsum */,
				D40ADA3B1A83BFAD00E23C48 /* jumpsumTests */,
				D40ADA201A83BFAD00E23C48 /* Products */,
			);
			sourceTree = "<group>";
		};
		D40ADA201A83BFAD00E23C48 /* Products */ = {
			isa = PBXGroup;
			children = (
				D40ADA1F1A83BFAD00E23C48 /* jumpsum.app */,
				D40ADA381A83BFAD00E23C48 /* jumpsumTests.xctest */,
			);
			name = Products;
			sourceTree = "<group>";
		};
		D40ADA211A83BFAD00E23C48 /* jumpsum */ = {
			isa = PBXGroup;
			children = (
				D40ADA2C1A83BFAD00E23C48 /* JumpSum.storyboard */,
				D40ADA261A83BFAD00E23C48 /* AppDelegate.h */,
				D40ADA271A83BFAD00E23C48 /* AppDelegate.m */,
				D40ADA4B1A83C3EB00E23C48 /* Gameboard.h */,
				D40ADA4C1A83C3EB00E23C48 /* Gameboard.m */,
				D40ADA291A83BFAD00E23C48 /* MyCollectionViewController.h */,
				D40ADA2A1A83BFAD00E23C48 /* MyCollectionViewController.m */,
				D43377D11A8410D6009CFDF0 /* MyCollectionViewLayout.h */,
				D43377D21A8410D6009CFDF0 /* MyCollectionViewLayout.m */,
				D40ADA481A83C2DC00E23C48 /* MyCollectionViewCell.h */,
				D40ADA491A83C31E00E23C48 /* MyCollectionViewCell.m */,
				D497E61D1A8565EA00CDC930 /* MyButtonCell.h */,
				D497E61E1A8565EA00CDC930 /* MyButtonCell.m */,
				D40254F81A895B6700F218D3 /* MyLabelCell.h */,
				D40254F91A895B6700F218D3 /* MyLabelCell.m */,
				D4F72BE31A8BF208002F5B25 /* MyBannerCell.h */,
				D4F72BE41A8BF208002F5B25 /* MyBannerCell.m */,
				D46226091A8A9B8500CBB758 /* CellPair.h */,
				D462260A1A8A9B8500CBB758 /* CellPair.m */,
				D40ADA2F1A83BFAD00E23C48 /* Images.xcassets */,
				D40ADA311A83BFAD00E23C48 /* LaunchScreen.xib */,
				D40ADA221A83BFAD00E23C48 /* Supporting Files */,
			);
			path = jumpsum;
			sourceTree = "<group>";
		};
		D40ADA221A83BFAD00E23C48 /* Supporting Files */ = {
			isa = PBXGroup;
			children = (
				D40ADA231A83BFAD00E23C48 /* Info.plist */,
				D40ADA241A83BFAD00E23C48 /* main.m */,
			);
			name = "Supporting Files";
			sourceTree = "<group>";
		};
		D40ADA3B1A83BFAD00E23C48 /* jumpsumTests */ = {
			isa = PBXGroup;
			children = (
				D40ADA3E1A83BFAD00E23C48 /* jumpsumTests.m */,
				D40ADA3C1A83BFAD00E23C48 /* Supporting Files */,
			);
			path = jumpsumTests;
			sourceTree = "<group>";
		};
		D40ADA3C1A83BFAD00E23C48 /* Supporting Files */ = {
			isa = PBXGroup;
			children = (
				D40ADA3D1A83BFAD00E23C48 /* Info.plist */,
			);
			name = "Supporting Files";
			sourceTree = "<group>";
		};
/* End PBXGroup section */

/* Begin PBXNativeTarget section */
		D40ADA1E1A83BFAD00E23C48 /* jumpsum */ = {
			isa = PBXNativeTarget;
			buildConfigurationList = D40ADA421A83BFAD00E23C48 /* Build configuration list for PBXNativeTarget "jumpsum" */;
			buildPhases = (
				D40ADA1B1A83BFAD00E23C48 /* Sources */,
				D40ADA1C1A83BFAD00E23C48 /* Frameworks */,
				D40ADA1D1A83BFAD00E23C48 /* Resources */,
			);
			buildRules = (
			);
			dependencies = (
			);
			name = jumpsum;
			productName = jumpsum;
			productReference = D40ADA1F1A83BFAD00E23C48 /* jumpsum.app */;
			productType = "com.apple.product-type.application";
		};
		D40ADA371A83BFAD00E23C48 /* jumpsumTests */ = {
			isa = PBXNativeTarget;
			buildConfigurationList = D40ADA451A83BFAD00E23C48 /* Build configuration list for PBXNativeTarget "jumpsumTests" */;
			buildPhases = (
				D40ADA341A83BFAD00E23C48 /* Sources */,
				D40ADA351A83BFAD00E23C48 /* Frameworks */,
				D40ADA361A83BFAD00E23C48 /* Resources */,
			);
			buildRules = (
			);
			dependencies = (
				D40ADA3A1A83BFAD00E23C48 /* PBXTargetDependency */,
			);
			name = jumpsumTests;
			productName = jumpsumTests;
			productReference = D40ADA381A83BFAD00E23C48 /* jumpsumTests.xctest */;
			productType = "com.apple.product-type.bundle.unit-test";
		};
/* End PBXNativeTarget section */

/* Begin PBXProject section */
		D40ADA171A83BFAD00E23C48 /* Project object */ = {
			isa = PBXProject;
			attributes = {
				LastUpgradeCheck = 0600;
				ORGANIZATIONNAME = "Tyler Cap";
				TargetAttributes = {
					D40ADA1E1A83BFAD00E23C48 = {
						CreatedOnToolsVersion = 6.0.1;
					};
					D40ADA371A83BFAD00E23C48 = {
						CreatedOnToolsVersion = 6.0.1;
						TestTargetID = D40ADA1E1A83BFAD00E23C48;
					};
				};
			};
			buildConfigurationList = D40ADA1A1A83BFAD00E23C48 /* Build configuration list for PBXProject "jumpsum" */;
			compatibilityVersion = "Xcode 3.2";
			developmentRegion = English;
			hasScannedForEncodings = 0;
			knownRegions = (
				en,
				Base,
			);
			mainGroup = D40ADA161A83BFAD00E23C48;
			productRefGroup = D40ADA201A83BFAD00E23C48 /* Products */;
			projectDirPath = "";
			projectRoot = "";
			targets = (
				D40ADA1E1A83BFAD00E23C48 /* jumpsum */,
				D40ADA371A83BFAD00E23C48 /* jumpsumTests */,
			);
		};
/* End PBXProject section */

/* Begin PBXResourcesBuildPhase section */
		D40ADA1D1A83BFAD00E23C48 /* Resources */ = {
			isa = PBXResourcesBuildPhase;
			buildActionMask = 2147483647;
			files = (
				D40ADA2E1A83BFAD00E23C48 /* JumpSum.storyboard in Resources */,
				D40ADA331A83BFAD00E23C48 /* LaunchScreen.xib in Resources */,
				D40ADA301A83BFAD00E23C48 /* Images.xcassets in Resources */,
			);
			runOnlyForDeploymentPostprocessing = 0;
		};
		D40ADA361A83BFAD00E23C48 /* Resources */ = {
			isa = PBXResourcesBuildPhase;
			buildActionMask = 2147483647;
			files = (
			);
			runOnlyForDeploymentPostprocessing = 0;
		};
/* End PBXResourcesBuildPhase section */

/* Begin PBXSourcesBuildPhase section */
		D40ADA1B1A83BFAD00E23C48 /* Sources */ = {
			isa = PBXSourcesBuildPhase;
			buildActionMask = 2147483647;
			files = (
				D40ADA2B1A83BFAD00E23C48 /* MyCollectionViewController.m in Sources */,
				D462260B1A8A9B8500CBB758 /* CellPair.m in Sources */,
				D40ADA281A83BFAD00E23C48 /* AppDelegate.m in Sources */,
				D497E61F1A8565EA00CDC930 /* MyButtonCell.m in Sources */,
				D40ADA4A1A83C31E00E23C48 /* MyCollectionViewCell.m in Sources */,
				D40ADA4D1A83C3EB00E23C48 /* Gameboard.m in Sources */,
				D40ADA251A83BFAD00E23C48 /* main.m in Sources */,
				D43377D31A8410D6009CFDF0 /* MyCollectionViewLayout.m in Sources */,
				D4F72BE51A8BF208002F5B25 /* MyBannerCell.m in Sources */,
				D40254FA1A895B6700F218D3 /* MyLabelCell.m in Sources */,
			);
			runOnlyForDeploymentPostprocessing = 0;
		};
		D40ADA341A83BFAD00E23C48 /* Sources */ = {
			isa = PBXSourcesBuildPhase;
			buildActionMask = 2147483647;
			files = (
				D40ADA3F1A83BFAD00E23C48 /* jumpsumTests.m in Sources */,
			);
			runOnlyForDeploymentPostprocessing = 0;
		};
/* End PBXSourcesBuildPhase section */

/* Begin PBXTargetDependency section */
		D40ADA3A1A83BFAD00E23C48 /* PBXTargetDependency */ = {
			isa = PBXTargetDependency;
			target = D40ADA1E1A83BFAD00E23C48 /* jumpsum */;
			targetProxy = D40ADA391A83BFAD00E23C48 /* PBXContainerItemProxy */;
		};
/* End PBXTargetDependency section */

/* Begin PBXVariantGroup section */
		D40ADA2C1A83BFAD00E23C48 /* JumpSum.storyboard */ = {
			isa = PBXVariantGroup;
			children = (
				D40ADA2D1A83BFAD00E23C48 /* Base */,
			);
			name = JumpSum.storyboard;
			sourceTree = "<group>";
		};
		D40ADA311A83BFAD00E23C48 /* LaunchScreen.xib */ = {
			isa = PBXVariantGroup;
			children = (
				D40ADA321A83BFAD00E23C48 /* Base */,
			);
			name = LaunchScreen.xib;
			sourceTree = "<group>";
		};
/* End PBXVariantGroup section */

/* Begin XCBuildConfiguration section */
		D40ADA401A83BFAD00E23C48 /* Debug */ = {
			isa = XCBuildConfiguration;
			buildSettings = {
				ALWAYS_SEARCH_USER_PATHS = NO;
				CLANG_CXX_LANGUAGE_STANDARD = "gnu++0x";
				CLANG_CXX_LIBRARY = "libc++";
				CLANG_ENABLE_MODULES = YES;
				CLANG_ENABLE_OBJC_ARC = YES;
				CLANG_WARN_BOOL_CONVERSION = YES;
				CLANG_WARN_CONSTANT_CONVERSION = YES;
				CLANG_WARN_DIRECT_OBJC_ISA_USAGE = YES_ERROR;
				CLANG_WARN_EMPTY_BODY = YES;
				CLANG_WARN_ENUM_CONVERSION = YES;
				CLANG_WARN_INT_CONVERSION = YES;
				CLANG_WARN_OBJC_ROOT_CLASS = YES_ERROR;
				CLANG_WARN_UNREACHABLE_CODE = YES;
				CLANG_WARN__DUPLICATE_METHOD_MATCH = YES;
				"CODE_SIGN_IDENTITY[sdk=iphoneos*]" = "iPhone Developer";
				COPY_PHASE_STRIP = NO;
				ENABLE_STRICT_OBJC_MSGSEND = YES;
				GCC_C_LANGUAGE_STANDARD = gnu99;
				GCC_DYNAMIC_NO_PIC = NO;
				GCC_OPTIMIZATION_LEVEL = 0;
				GCC_PREPROCESSOR_DEFINITIONS = (
					"DEBUG=1",
					"$(inherited)",
				);
				GCC_SYMBOLS_PRIVATE_EXTERN = NO;
				GCC_WARN_64_TO_32_BIT_CONVERSION = YES;
				GCC_WARN_ABOUT_RETURN_TYPE = YES_ERROR;
				GCC_WARN_UNDECLARED_SELECTOR = YES;
				GCC_WARN_UNINITIALIZED_AUTOS = YES_AGGRESSIVE;
				GCC_WARN_UNUSED_FUNCTION = YES;
				GCC_WARN_UNUSED_VARIABLE = YES;
				IPHONEOS_DEPLOYMENT_TARGET = 8.0;
				MTL_ENABLE_DEBUG_INFO = YES;
				ONLY_ACTIVE_ARCH = YES;
				SDKROOT = iphoneos;
			};
			name = Debug;
		};
		D40ADA411A83BFAD00E23C48 /* Release */ = {
			isa = XCBuildConfiguration;
			buildSettings = {
				ALWAYS_SEARCH_USER_PATHS = NO;
				CLANG_CXX_LANGUAGE_STANDARD = "gnu++0x";
				CLANG_CXX_LIBRARY = "libc++";
				CLANG_ENABLE_MODULES = YES;
				CLANG_ENABLE_OBJC_ARC = YES;
				CLANG_WARN_BOOL_CONVERSION = YES;
				CLANG_WARN_CONSTANT_CONVERSION = YES;
				CLANG_WARN_DIRECT_OBJC_ISA_USAGE = YES_ERROR;
				CLANG_WARN_EMPTY_BODY = YES;
				CLANG_WARN_ENUM_CONVERSION = YES;
				CLANG_WARN_INT_CONVERSION = YES;
				CLANG_WARN_OBJC_ROOT_CLASS = YES_ERROR;
				CLANG_WARN_UNREACHABLE_CODE = YES;
				CLANG_WARN__DUPLICATE_METHOD_MATCH = YES;
				"CODE_SIGN_IDENTITY[sdk=iphoneos*]" = "iPhone Developer";
				COPY_PHASE_STRIP = YES;
				ENABLE_NS_ASSERTIONS = NO;
				ENABLE_STRICT_OBJC_MSGSEND = YES;
				GCC_C_LANGUAGE_STANDARD = gnu99;
				GCC_WARN_64_TO_32_BIT_CONVERSION = YES;
				GCC_WARN_ABOUT_RETURN_TYPE = YES_ERROR;
				GCC_WARN_UNDECLARED_SELECTOR = YES;
				GCC_WARN_UNINITIALIZED_AUTOS = YES_AGGRESSIVE;
				GCC_WARN_UNUSED_FUNCTION = YES;
				GCC_WARN_UNUSED_VARIABLE = YES;
				IPHONEOS_DEPLOYMENT_TARGET = 8.0;
				MTL_ENABLE_DEBUG_INFO = NO;
				SDKROOT = iphoneos;
				VALIDATE_PRODUCT = YES;
			};
			name = Release;
		};
		D40ADA431A83BFAD00E23C48 /* Debug */ = {
			isa = XCBuildConfiguration;
			buildSettings = {
				ASSETCATALOG_COMPILER_APPICON_NAME = AppIcon;
				FRAMEWORK_SEARCH_PATHS = (
					"$(inherited)",
					"$(PROJECT_DIR)",
				);
				INFOPLIST_FILE = jumpsum/Info.plist;
				IPHONEOS_DEPLOYMENT_TARGET = 6.0;
				LD_RUNPATH_SEARCH_PATHS = "$(inherited) @executable_path/Frameworks";
				PRODUCT_NAME = "$(TARGET_NAME)";
			};
			name = Debug;
		};
		D40ADA441A83BFAD00E23C48 /* Release */ = {
			isa = XCBuildConfiguration;
			buildSettings = {
				ASSETCATALOG_COMPILER_APPICON_NAME = AppIcon;
				FRAMEWORK_SEARCH_PATHS = (
					"$(inherited)",
					"$(PROJECT_DIR)",
				);
				INFOPLIST_FILE = jumpsum/Info.plist;
				IPHONEOS_DEPLOYMENT_TARGET = 6.0;
				LD_RUNPATH_SEARCH_PATHS = "$(inherited) @executable_path/Frameworks";
				PRODUCT_NAME = "$(TARGET_NAME)";
			};
			name = Release;
		};
		D40ADA461A83BFAD00E23C48 /* Debug */ = {
			isa = XCBuildConfiguration;
			buildSettings = {
				BUNDLE_LOADER = "$(TEST_HOST)";
				FRAMEWORK_SEARCH_PATHS = (
					"$(SDKROOT)/Developer/Library/Frameworks",
					"$(inherited)",
				);
				GCC_PREPROCESSOR_DEFINITIONS = (
					"DEBUG=1",
					"$(inherited)",
				);
				INFOPLIST_FILE = jumpsumTests/Info.plist;
				LD_RUNPATH_SEARCH_PATHS = "$(inherited) @executable_path/Frameworks @loader_path/Frameworks";
				PRODUCT_NAME = "$(TARGET_NAME)";
				TEST_HOST = "$(BUILT_PRODUCTS_DIR)/jumpsum.app/jumpsum";
			};
			name = Debug;
		};
		D40ADA471A83BFAD00E23C48 /* Release */ = {
			isa = XCBuildConfiguration;
			buildSettings = {
				BUNDLE_LOADER = "$(TEST_HOST)";
				FRAMEWORK_SEARCH_PATHS = (
					"$(SDKROOT)/Developer/Library/Frameworks",
					"$(inherited)",
				);
				INFOPLIST_FILE = jumpsumTests/Info.plist;
				LD_RUNPATH_SEARCH_PATHS = "$(inherited) @executable_path/Frameworks @loader_path/Frameworks";
				PRODUCT_NAME = "$(TARGET_NAME)";
				TEST_HOST = "$(BUILT_PRODUCTS_DIR)/jumpsum.app/jumpsum";
			};
			name = Release;
		};
/* End XCBuildConfiguration section */

/* Begin XCConfigurationList section */
		D40ADA1A1A83BFAD00E23C48 /* Build configuration list for PBXProject "jumpsum" */ = {
			isa = XCConfigurationList;
			buildConfigurations = (
				D40ADA401A83BFAD00E23C48 /* Debug */,
				D40ADA411A83BFAD00E23C48 /* Release */,
			);
			defaultConfigurationIsVisible = 0;
			defaultConfigurationName = Release;
		};
		D40ADA421A83BFAD00E23C48 /* Build configuration list for PBXNativeTarget "jumpsum" */ = {
			isa = XCConfigurationList;
			buildConfigurations = (
				D40ADA431A83BFAD00E23C48 /* Debug */,
				D40ADA441A83BFAD00E23C48 /* Release */,
			);
			defaultConfigurationIsVisible = 0;
			defaultConfigurationName = Release;
		};
		D40ADA451A83BFAD00E23C48 /* Build configuration list for PBXNativeTarget "jumpsumTests" */ = {
			isa = XCConfigurationList;
			buildConfigurations = (
				D40ADA461A83BFAD00E23C48 /* Debug */,
				D40ADA471A83BFAD00E23C48 /* Release */,
			);
			defaultConfigurationIsVisible = 0;
			defaultConfigurationName = Release;
		};
/* End XCConfigurationList section */
	};
	rootObject = D40ADA171A83BFAD00E23C48 /* Project object */;
}
