// !$*UTF8*$!
{
	archiveVersion = 1;
	classes = {
	};
	objectVersion = 46;
	objects = {

/* Begin PBXBuildFile section */
		D40ADA251A83BFAD00E23C48 /* main.m in Sources */ = {isa = PBXBuildFile; fileRef = D40ADA241A83BFAD00E23C48 /* main.m */; };
		D40ADA281A83BFAD00E23C48 /* AppDelegate.m in Sources */ = {isa = PBXBuildFile; fileRef = D40ADA271A83BFAD00E23C48 /* AppDelegate.m */; };
		D40ADA2B1A83BFAD00E23C48 /* MyCollectionViewController.m in Sources */ = {isa = PBXBuildFile; fileRef = D40ADA2A1A83BFAD00E23C48 /* MyCollectionViewController.m */; };
		D40ADA331A83BFAD00E23C48 /* LaunchScreen.xib in Resources */ = {isa = PBXBuildFile; fileRef = D40ADA311A83BFAD00E23C48 /* LaunchScreen.xib */; };
		D40ADA3F1A83BFAD00E23C48 /* jumpsumTests.m in Sources */ = {isa = PBXBuildFile; fileRef = D40ADA3E1A83BFAD00E23C48 /* jumpsumTests.m */; };
		D41A02531A97DC8B001590E1 /* example1.png in Resources */ = {isa = PBXBuildFile; fileRef = D41A024F1A97DC8B001590E1 /* example1.png */; };
		D41A02541A97DC8B001590E1 /* example2.png in Resources */ = {isa = PBXBuildFile; fileRef = D41A02501A97DC8B001590E1 /* example2.png */; };
		D41A02551A97DC8B001590E1 /* example3.png in Resources */ = {isa = PBXBuildFile; fileRef = D41A02511A97DC8B001590E1 /* example3.png */; };
		D41A02561A97DC8B001590E1 /* example4.png in Resources */ = {isa = PBXBuildFile; fileRef = D41A02521A97DC8B001590E1 /* example4.png */; };
		D43377D31A8410D6009CFDF0 /* MyCollectionViewLayout.m in Sources */ = {isa = PBXBuildFile; fileRef = D43377D21A8410D6009CFDF0 /* MyCollectionViewLayout.m */; };
		D46CD3E81A8D4A0B00BB075E /* libc++.dylib in Frameworks */ = {isa = PBXBuildFile; fileRef = D46CD3E71A8D4A0B00BB075E /* libc++.dylib */; };
		D46CD3EA1A8D4A1700BB075E /* libz.dylib in Frameworks */ = {isa = PBXBuildFile; fileRef = D46CD3E91A8D4A1700BB075E /* libz.dylib */; };
		D46CD3EC1A8D4A2800BB075E /* QuartzCore.framework in Frameworks */ = {isa = PBXBuildFile; fileRef = D46CD3EB1A8D4A2800BB075E /* QuartzCore.framework */; };
		D46CD3EE1A8D4AD600BB075E /* AddressBook.framework in Frameworks */ = {isa = PBXBuildFile; fileRef = D46CD3ED1A8D4AD600BB075E /* AddressBook.framework */; };
		D46CD3F01A8D4AF200BB075E /* AssetsLibrary.framework in Frameworks */ = {isa = PBXBuildFile; fileRef = D46CD3EF1A8D4AF200BB075E /* AssetsLibrary.framework */; };
		D46CD3F21A8D4B1100BB075E /* CoreData.framework in Frameworks */ = {isa = PBXBuildFile; fileRef = D46CD3F11A8D4B1100BB075E /* CoreData.framework */; };
		D46CD3F41A8D4B1A00BB075E /* CoreLocation.framework in Frameworks */ = {isa = PBXBuildFile; fileRef = D46CD3F31A8D4B1A00BB075E /* CoreLocation.framework */; };
		D46CD3F61A8D4B2300BB075E /* CoreMotion.framework in Frameworks */ = {isa = PBXBuildFile; fileRef = D46CD3F51A8D4B2300BB075E /* CoreMotion.framework */; };
		D46CD3F81A8D4B3000BB075E /* CoreTelephony.framework in Frameworks */ = {isa = PBXBuildFile; fileRef = D46CD3F71A8D4B3000BB075E /* CoreTelephony.framework */; };
		D46CD3FA1A8D4B3A00BB075E /* CoreText.framework in Frameworks */ = {isa = PBXBuildFile; fileRef = D46CD3F91A8D4B3A00BB075E /* CoreText.framework */; };
		D46CD3FC1A8D4B4200BB075E /* Foundation.framework in Frameworks */ = {isa = PBXBuildFile; fileRef = D46CD3FB1A8D4B4200BB075E /* Foundation.framework */; };
		D46CD3FE1A8D4B5800BB075E /* MediaPlayer.framework in Frameworks */ = {isa = PBXBuildFile; fileRef = D46CD3FD1A8D4B5800BB075E /* MediaPlayer.framework */; };
		D46CD4001A8D4B6C00BB075E /* Security.framework in Frameworks */ = {isa = PBXBuildFile; fileRef = D46CD3FF1A8D4B6C00BB075E /* Security.framework */; };
		D46CD4021A8D4B7700BB075E /* SystemConfiguration.framework in Frameworks */ = {isa = PBXBuildFile; fileRef = D46CD4011A8D4B7700BB075E /* SystemConfiguration.framework */; };
		D47826331A99153F009CD98B /* Images.xcassets in Resources */ = {isa = PBXBuildFile; fileRef = D47826321A99153F009CD98B /* Images.xcassets */; };
		D479E6BD1ABC7E6F00C83592 /* GameboardL11.m in Sources */ = {isa = PBXBuildFile; fileRef = D479E6BC1ABC7E6F00C83592 /* GameboardL11.m */; };
		D480AA421AA78E4600F5BE75 /* FacebookSDK.framework in Frameworks */ = {isa = PBXBuildFile; fileRef = D480AA3F1AA78E4500F5BE75 /* FacebookSDK.framework */; };
		D480AA431AA78E4600F5BE75 /* GoogleOpenSource.framework in Frameworks */ = {isa = PBXBuildFile; fileRef = D480AA401AA78E4600F5BE75 /* GoogleOpenSource.framework */; };
		D480AA441AA78E4600F5BE75 /* GooglePlus.framework in Frameworks */ = {isa = PBXBuildFile; fileRef = D480AA411AA78E4600F5BE75 /* GooglePlus.framework */; };
		D49505361A9D524E002EB899 /* JumpSum.storyboard in Resources */ = {isa = PBXBuildFile; fileRef = D49505351A9D524E002EB899 /* JumpSum.storyboard */; };
		D495053B1A9D5261002EB899 /* MyTableViewController.m in Sources */ = {isa = PBXBuildFile; fileRef = D49505381A9D5261002EB899 /* MyTableViewController.m */; };
		D495053C1A9D5261002EB899 /* MyTableViewCell.m in Sources */ = {isa = PBXBuildFile; fileRef = D495053A1A9D5261002EB899 /* MyTableViewCell.m */; };
		D49505531A9D5319002EB899 /* Gameboard.m in Sources */ = {isa = PBXBuildFile; fileRef = D495053E1A9D5319002EB899 /* Gameboard.m */; };
		D49505541A9D5319002EB899 /* GameboardL1.m in Sources */ = {isa = PBXBuildFile; fileRef = D49505401A9D5319002EB899 /* GameboardL1.m */; };
		D49505551A9D5319002EB899 /* GameboardL2.m in Sources */ = {isa = PBXBuildFile; fileRef = D49505421A9D5319002EB899 /* GameboardL2.m */; };
		D49505561A9D5319002EB899 /* GameboardL3.m in Sources */ = {isa = PBXBuildFile; fileRef = D49505441A9D5319002EB899 /* GameboardL3.m */; };
		D49505571A9D5319002EB899 /* GameboardL4.m in Sources */ = {isa = PBXBuildFile; fileRef = D49505461A9D5319002EB899 /* GameboardL4.m */; };
		D49505581A9D5319002EB899 /* GameboardL5.m in Sources */ = {isa = PBXBuildFile; fileRef = D49505481A9D5319002EB899 /* GameboardL5.m */; };
		D49505591A9D5319002EB899 /* GameboardL6.m in Sources */ = {isa = PBXBuildFile; fileRef = D495054A1A9D5319002EB899 /* GameboardL6.m */; };
		D495055A1A9D5319002EB899 /* GameboardL7.m in Sources */ = {isa = PBXBuildFile; fileRef = D495054C1A9D5319002EB899 /* GameboardL7.m */; };
		D495055B1A9D5319002EB899 /* GameboardL8.m in Sources */ = {isa = PBXBuildFile; fileRef = D495054E1A9D5319002EB899 /* GameboardL8.m */; };
		D495055C1A9D5319002EB899 /* GameboardL9.m in Sources */ = {isa = PBXBuildFile; fileRef = D49505501A9D5319002EB899 /* GameboardL9.m */; };
		D495055D1A9D5319002EB899 /* GameboardL10.m in Sources */ = {isa = PBXBuildFile; fileRef = D49505521A9D5319002EB899 /* GameboardL10.m */; };
		D49505681A9D5343002EB899 /* MyCollectionViewCell.m in Sources */ = {isa = PBXBuildFile; fileRef = D495055F1A9D5343002EB899 /* MyCollectionViewCell.m */; };
		D49505691A9D5343002EB899 /* MyButtonCell.m in Sources */ = {isa = PBXBuildFile; fileRef = D49505611A9D5343002EB899 /* MyButtonCell.m */; };
		D495056A1A9D5343002EB899 /* MyLabelCell.m in Sources */ = {isa = PBXBuildFile; fileRef = D49505631A9D5343002EB899 /* MyLabelCell.m */; };
		D495056C1A9D5343002EB899 /* CellPair.m in Sources */ = {isa = PBXBuildFile; fileRef = D49505671A9D5343002EB899 /* CellPair.m */; };
		D4B961E71A96388A00322089 /* HowToChildViewController.m in Sources */ = {isa = PBXBuildFile; fileRef = D4B961E61A96388A00322089 /* HowToChildViewController.m */; };
		D4E3EFEE1A9277C100CEB0DB /* HowToViewController.m in Sources */ = {isa = PBXBuildFile; fileRef = D4E3EFED1A9277C100CEB0DB /* HowToViewController.m */; };
		D4EEC5A01A8EAF3000F2A7D1 /* GooglePlayGames.framework in Frameworks */ = {isa = PBXBuildFile; fileRef = D4EEC59E1A8EAF3000F2A7D1 /* GooglePlayGames.framework */; };
		D4EEC5A11A8EAF3000F2A7D1 /* GooglePlayGames.bundle in Resources */ = {isa = PBXBuildFile; fileRef = D4EEC59F1A8EAF3000F2A7D1 /* GooglePlayGames.bundle */; };
		D4EEC5A31A8EAF4F00F2A7D1 /* GooglePlus.bundle in Resources */ = {isa = PBXBuildFile; fileRef = D4EEC5A21A8EAF4F00F2A7D1 /* GooglePlus.bundle */; };
		D4F1266A1AAF2E2B00C7FC58 /* Application.m in Sources */ = {isa = PBXBuildFile; fileRef = D4F126691AAF2E2B00C7FC58 /* Application.m */; };
		D4F1266D1AAF334C00C7FC58 /* MyWebViewController.m in Sources */ = {isa = PBXBuildFile; fileRef = D4F1266C1AAF334C00C7FC58 /* MyWebViewController.m */; };
/* End PBXBuildFile section */

/* Begin PBXContainerItemProxy section */
		D40ADA391A83BFAD00E23C48 /* PBXContainerItemProxy */ = {
			isa = PBXContainerItemProxy;
			containerPortal = D40ADA171A83BFAD00E23C48 /* Project object */;
			proxyType = 1;
			remoteGlobalIDString = D40ADA1E1A83BFAD00E23C48;
			remoteInfo = jumpsum;
		};
/* End PBXContainerItemProxy section */

/* Begin PBXFileReference section */
		D40ADA1F1A83BFAD00E23C48 /* jumpsum.app */ = {isa = PBXFileReference; explicitFileType = wrapper.application; includeInIndex = 0; path = jumpsum.app; sourceTree = BUILT_PRODUCTS_DIR; };
		D40ADA231A83BFAD00E23C48 /* Info.plist */ = {isa = PBXFileReference; lastKnownFileType = text.plist.xml; path = Info.plist; sourceTree = "<group>"; };
		D40ADA241A83BFAD00E23C48 /* main.m */ = {isa = PBXFileReference; lastKnownFileType = sourcecode.c.objc; path = main.m; sourceTree = "<group>"; };
		D40ADA261A83BFAD00E23C48 /* AppDelegate.h */ = {isa = PBXFileReference; lastKnownFileType = sourcecode.c.h; path = AppDelegate.h; sourceTree = "<group>"; };
		D40ADA271A83BFAD00E23C48 /* AppDelegate.m */ = {isa = PBXFileReference; lastKnownFileType = sourcecode.c.objc; path = AppDelegate.m; sourceTree = "<group>"; };
		D40ADA291A83BFAD00E23C48 /* MyCollectionViewController.h */ = {isa = PBXFileReference; lastKnownFileType = sourcecode.c.h; path = MyCollectionViewController.h; sourceTree = "<group>"; };
		D40ADA2A1A83BFAD00E23C48 /* MyCollectionViewController.m */ = {isa = PBXFileReference; lastKnownFileType = sourcecode.c.objc; path = MyCollectionViewController.m; sourceTree = "<group>"; };
		D40ADA321A83BFAD00E23C48 /* Base */ = {isa = PBXFileReference; lastKnownFileType = file.xib; name = Base; path = Base.lproj/LaunchScreen.xib; sourceTree = "<group>"; };
		D40ADA381A83BFAD00E23C48 /* jumpsumTests.xctest */ = {isa = PBXFileReference; explicitFileType = wrapper.cfbundle; includeInIndex = 0; path = jumpsumTests.xctest; sourceTree = BUILT_PRODUCTS_DIR; };
		D40ADA3D1A83BFAD00E23C48 /* Info.plist */ = {isa = PBXFileReference; lastKnownFileType = text.plist.xml; path = Info.plist; sourceTree = "<group>"; };
		D40ADA3E1A83BFAD00E23C48 /* jumpsumTests.m */ = {isa = PBXFileReference; lastKnownFileType = sourcecode.c.objc; path = jumpsumTests.m; sourceTree = "<group>"; };
		D41A024F1A97DC8B001590E1 /* example1.png */ = {isa = PBXFileReference; lastKnownFileType = image.png; path = example1.png; sourceTree = "<group>"; };
		D41A02501A97DC8B001590E1 /* example2.png */ = {isa = PBXFileReference; lastKnownFileType = image.png; path = example2.png; sourceTree = "<group>"; };
		D41A02511A97DC8B001590E1 /* example3.png */ = {isa = PBXFileReference; lastKnownFileType = image.png; path = example3.png; sourceTree = "<group>"; };
		D41A02521A97DC8B001590E1 /* example4.png */ = {isa = PBXFileReference; lastKnownFileType = image.png; path = example4.png; sourceTree = "<group>"; };
		D43377D11A8410D6009CFDF0 /* MyCollectionViewLayout.h */ = {isa = PBXFileReference; fileEncoding = 4; lastKnownFileType = sourcecode.c.h; path = MyCollectionViewLayout.h; sourceTree = "<group>"; };
		D43377D21A8410D6009CFDF0 /* MyCollectionViewLayout.m */ = {isa = PBXFileReference; fileEncoding = 4; lastKnownFileType = sourcecode.c.objc; path = MyCollectionViewLayout.m; sourceTree = "<group>"; };
		D46CD3E71A8D4A0B00BB075E /* libc++.dylib */ = {isa = PBXFileReference; lastKnownFileType = "compiled.mach-o.dylib"; name = "libc++.dylib"; path = "usr/lib/libc++.dylib"; sourceTree = SDKROOT; };
		D46CD3E91A8D4A1700BB075E /* libz.dylib */ = {isa = PBXFileReference; lastKnownFileType = "compiled.mach-o.dylib"; name = libz.dylib; path = usr/lib/libz.dylib; sourceTree = SDKROOT; };
		D46CD3EB1A8D4A2800BB075E /* QuartzCore.framework */ = {isa = PBXFileReference; lastKnownFileType = wrapper.framework; name = QuartzCore.framework; path = System/Library/Frameworks/QuartzCore.framework; sourceTree = SDKROOT; };
		D46CD3ED1A8D4AD600BB075E /* AddressBook.framework */ = {isa = PBXFileReference; lastKnownFileType = wrapper.framework; name = AddressBook.framework; path = System/Library/Frameworks/AddressBook.framework; sourceTree = SDKROOT; };
		D46CD3EF1A8D4AF200BB075E /* AssetsLibrary.framework */ = {isa = PBXFileReference; lastKnownFileType = wrapper.framework; name = AssetsLibrary.framework; path = System/Library/Frameworks/AssetsLibrary.framework; sourceTree = SDKROOT; };
		D46CD3F11A8D4B1100BB075E /* CoreData.framework */ = {isa = PBXFileReference; lastKnownFileType = wrapper.framework; name = CoreData.framework; path = System/Library/Frameworks/CoreData.framework; sourceTree = SDKROOT; };
		D46CD3F31A8D4B1A00BB075E /* CoreLocation.framework */ = {isa = PBXFileReference; lastKnownFileType = wrapper.framework; name = CoreLocation.framework; path = System/Library/Frameworks/CoreLocation.framework; sourceTree = SDKROOT; };
		D46CD3F51A8D4B2300BB075E /* CoreMotion.framework */ = {isa = PBXFileReference; lastKnownFileType = wrapper.framework; name = CoreMotion.framework; path = System/Library/Frameworks/CoreMotion.framework; sourceTree = SDKROOT; };
		D46CD3F71A8D4B3000BB075E /* CoreTelephony.framework */ = {isa = PBXFileReference; lastKnownFileType = wrapper.framework; name = CoreTelephony.framework; path = System/Library/Frameworks/CoreTelephony.framework; sourceTree = SDKROOT; };
		D46CD3F91A8D4B3A00BB075E /* CoreText.framework */ = {isa = PBXFileReference; lastKnownFileType = wrapper.framework; name = CoreText.framework; path = System/Library/Frameworks/CoreText.framework; sourceTree = SDKROOT; };
		D46CD3FB1A8D4B4200BB075E /* Foundation.framework */ = {isa = PBXFileReference; lastKnownFileType = wrapper.framework; name = Foundation.framework; path = System/Library/Frameworks/Foundation.framework; sourceTree = SDKROOT; };
		D46CD3FD1A8D4B5800BB075E /* MediaPlayer.framework */ = {isa = PBXFileReference; lastKnownFileType = wrapper.framework; name = MediaPlayer.framework; path = System/Library/Frameworks/MediaPlayer.framework; sourceTree = SDKROOT; };
		D46CD3FF1A8D4B6C00BB075E /* Security.framework */ = {isa = PBXFileReference; lastKnownFileType = wrapper.framework; name = Security.framework; path = System/Library/Frameworks/Security.framework; sourceTree = SDKROOT; };
		D46CD4011A8D4B7700BB075E /* SystemConfiguration.framework */ = {isa = PBXFileReference; lastKnownFileType = wrapper.framework; name = SystemConfiguration.framework; path = System/Library/Frameworks/SystemConfiguration.framework; sourceTree = SDKROOT; };
		D47826321A99153F009CD98B /* Images.xcassets */ = {isa = PBXFileReference; lastKnownFileType = folder.assetcatalog; path = Images.xcassets; sourceTree = "<group>"; };
		D479E6BB1ABC7E6F00C83592 /* GameboardL11.h */ = {isa = PBXFileReference; fileEncoding = 4; lastKnownFileType = sourcecode.c.h; path = GameboardL11.h; sourceTree = "<group>"; };
		D479E6BC1ABC7E6F00C83592 /* GameboardL11.m */ = {isa = PBXFileReference; fileEncoding = 4; lastKnownFileType = sourcecode.c.objc; path = GameboardL11.m; sourceTree = "<group>"; };
		D480AA3F1AA78E4500F5BE75 /* FacebookSDK.framework */ = {isa = PBXFileReference; lastKnownFileType = wrapper.framework; name = FacebookSDK.framework; path = ../Libs/js/FacebookSDK.framework; sourceTree = "<group>"; };
		D480AA401AA78E4600F5BE75 /* GoogleOpenSource.framework */ = {isa = PBXFileReference; lastKnownFileType = wrapper.framework; name = GoogleOpenSource.framework; path = ../Libs/js/GoogleOpenSource.framework; sourceTree = "<group>"; };
		D480AA411AA78E4600F5BE75 /* GooglePlus.framework */ = {isa = PBXFileReference; lastKnownFileType = wrapper.framework; name = GooglePlus.framework; path = ../Libs/js/GooglePlus.framework; sourceTree = "<group>"; };
		D49505351A9D524E002EB899 /* JumpSum.storyboard */ = {isa = PBXFileReference; fileEncoding = 4; lastKnownFileType = file.storyboard; path = JumpSum.storyboard; sourceTree = "<group>"; };
		D49505371A9D5261002EB899 /* MyTableViewController.h */ = {isa = PBXFileReference; fileEncoding = 4; lastKnownFileType = sourcecode.c.h; path = MyTableViewController.h; sourceTree = "<group>"; };
		D49505381A9D5261002EB899 /* MyTableViewController.m */ = {isa = PBXFileReference; fileEncoding = 4; lastKnownFileType = sourcecode.c.objc; path = MyTableViewController.m; sourceTree = "<group>"; };
		D49505391A9D5261002EB899 /* MyTableViewCell.h */ = {isa = PBXFileReference; fileEncoding = 4; lastKnownFileType = sourcecode.c.h; path = MyTableViewCell.h; sourceTree = "<group>"; };
		D495053A1A9D5261002EB899 /* MyTableViewCell.m */ = {isa = PBXFileReference; fileEncoding = 4; lastKnownFileType = sourcecode.c.objc; path = MyTableViewCell.m; sourceTree = "<group>"; };
		D495053D1A9D5319002EB899 /* Gameboard.h */ = {isa = PBXFileReference; fileEncoding = 4; lastKnownFileType = sourcecode.c.h; path = Gameboard.h; sourceTree = "<group>"; };
		D495053E1A9D5319002EB899 /* Gameboard.m */ = {isa = PBXFileReference; fileEncoding = 4; lastKnownFileType = sourcecode.c.objc; path = Gameboard.m; sourceTree = "<group>"; };
		D495053F1A9D5319002EB899 /* GameboardL1.h */ = {isa = PBXFileReference; fileEncoding = 4; lastKnownFileType = sourcecode.c.h; path = GameboardL1.h; sourceTree = "<group>"; };
		D49505401A9D5319002EB899 /* GameboardL1.m */ = {isa = PBXFileReference; fileEncoding = 4; lastKnownFileType = sourcecode.c.objc; path = GameboardL1.m; sourceTree = "<group>"; };
		D49505411A9D5319002EB899 /* GameboardL2.h */ = {isa = PBXFileReference; fileEncoding = 4; lastKnownFileType = sourcecode.c.h; path = GameboardL2.h; sourceTree = "<group>"; };
		D49505421A9D5319002EB899 /* GameboardL2.m */ = {isa = PBXFileReference; fileEncoding = 4; lastKnownFileType = sourcecode.c.objc; path = GameboardL2.m; sourceTree = "<group>"; };
		D49505431A9D5319002EB899 /* GameboardL3.h */ = {isa = PBXFileReference; fileEncoding = 4; lastKnownFileType = sourcecode.c.h; path = GameboardL3.h; sourceTree = "<group>"; };
		D49505441A9D5319002EB899 /* GameboardL3.m */ = {isa = PBXFileReference; fileEncoding = 4; lastKnownFileType = sourcecode.c.objc; path = GameboardL3.m; sourceTree = "<group>"; };
		D49505451A9D5319002EB899 /* GameboardL4.h */ = {isa = PBXFileReference; fileEncoding = 4; lastKnownFileType = sourcecode.c.h; path = GameboardL4.h; sourceTree = "<group>"; };
		D49505461A9D5319002EB899 /* GameboardL4.m */ = {isa = PBXFileReference; fileEncoding = 4; lastKnownFileType = sourcecode.c.objc; path = GameboardL4.m; sourceTree = "<group>"; };
		D49505471A9D5319002EB899 /* GameboardL5.h */ = {isa = PBXFileReference; fileEncoding = 4; lastKnownFileType = sourcecode.c.h; path = GameboardL5.h; sourceTree = "<group>"; };
		D49505481A9D5319002EB899 /* GameboardL5.m */ = {isa = PBXFileReference; fileEncoding = 4; lastKnownFileType = sourcecode.c.objc; path = GameboardL5.m; sourceTree = "<group>"; };
		D49505491A9D5319002EB899 /* GameboardL6.h */ = {isa = PBXFileReference; fileEncoding = 4; lastKnownFileType = sourcecode.c.h; path = GameboardL6.h; sourceTree = "<group>"; };
		D495054A1A9D5319002EB899 /* GameboardL6.m */ = {isa = PBXFileReference; fileEncoding = 4; lastKnownFileType = sourcecode.c.objc; path = GameboardL6.m; sourceTree = "<group>"; };
		D495054B1A9D5319002EB899 /* GameboardL7.h */ = {isa = PBXFileReference; fileEncoding = 4; lastKnownFileType = sourcecode.c.h; path = GameboardL7.h; sourceTree = "<group>"; };
		D495054C1A9D5319002EB899 /* GameboardL7.m */ = {isa = PBXFileReference; fileEncoding = 4; lastKnownFileType = sourcecode.c.objc; path = GameboardL7.m; sourceTree = "<group>"; };
		D495054D1A9D5319002EB899 /* GameboardL8.h */ = {isa = PBXFileReference; fileEncoding = 4; lastKnownFileType = sourcecode.c.h; path = GameboardL8.h; sourceTree = "<group>"; };
		D495054E1A9D5319002EB899 /* GameboardL8.m */ = {isa = PBXFileReference; fileEncoding = 4; lastKnownFileType = sourcecode.c.objc; path = GameboardL8.m; sourceTree = "<group>"; };
		D495054F1A9D5319002EB899 /* GameboardL9.h */ = {isa = PBXFileReference; fileEncoding = 4; lastKnownFileType = sourcecode.c.h; path = GameboardL9.h; sourceTree = "<group>"; };
		D49505501A9D5319002EB899 /* GameboardL9.m */ = {isa = PBXFileReference; fileEncoding = 4; lastKnownFileType = sourcecode.c.objc; path = GameboardL9.m; sourceTree = "<group>"; };
		D49505511A9D5319002EB899 /* GameboardL10.h */ = {isa = PBXFileReference; fileEncoding = 4; lastKnownFileType = sourcecode.c.h; path = GameboardL10.h; sourceTree = "<group>"; };
		D49505521A9D5319002EB899 /* GameboardL10.m */ = {isa = PBXFileReference; fileEncoding = 4; lastKnownFileType = sourcecode.c.objc; path = GameboardL10.m; sourceTree = "<group>"; };
		D495055E1A9D5343002EB899 /* MyCollectionViewCell.h */ = {isa = PBXFileReference; fileEncoding = 4; lastKnownFileType = sourcecode.c.h; path = MyCollectionViewCell.h; sourceTree = "<group>"; };
		D495055F1A9D5343002EB899 /* MyCollectionViewCell.m */ = {isa = PBXFileReference; fileEncoding = 4; lastKnownFileType = sourcecode.c.objc; path = MyCollectionViewCell.m; sourceTree = "<group>"; };
		D49505601A9D5343002EB899 /* MyButtonCell.h */ = {isa = PBXFileReference; fileEncoding = 4; lastKnownFileType = sourcecode.c.h; path = MyButtonCell.h; sourceTree = "<group>"; };
		D49505611A9D5343002EB899 /* MyButtonCell.m */ = {isa = PBXFileReference; fileEncoding = 4; lastKnownFileType = sourcecode.c.objc; path = MyButtonCell.m; sourceTree = "<group>"; };
		D49505621A9D5343002EB899 /* MyLabelCell.h */ = {isa = PBXFileReference; fileEncoding = 4; lastKnownFileType = sourcecode.c.h; path = MyLabelCell.h; sourceTree = "<group>"; };
		D49505631A9D5343002EB899 /* MyLabelCell.m */ = {isa = PBXFileReference; fileEncoding = 4; lastKnownFileType = sourcecode.c.objc; path = MyLabelCell.m; sourceTree = "<group>"; };
		D49505661A9D5343002EB899 /* CellPair.h */ = {isa = PBXFileReference; fileEncoding = 4; lastKnownFileType = sourcecode.c.h; path = CellPair.h; sourceTree = "<group>"; };
		D49505671A9D5343002EB899 /* CellPair.m */ = {isa = PBXFileReference; fileEncoding = 4; lastKnownFileType = sourcecode.c.objc; path = CellPair.m; sourceTree = "<group>"; };
		D4B961E51A96388A00322089 /* HowToChildViewController.h */ = {isa = PBXFileReference; fileEncoding = 4; lastKnownFileType = sourcecode.c.h; path = HowToChildViewController.h; sourceTree = "<group>"; };
		D4B961E61A96388A00322089 /* HowToChildViewController.m */ = {isa = PBXFileReference; fileEncoding = 4; lastKnownFileType = sourcecode.c.objc; path = HowToChildViewController.m; sourceTree = "<group>"; };
		D4E3EFEC1A9277C100CEB0DB /* HowToViewController.h */ = {isa = PBXFileReference; fileEncoding = 4; lastKnownFileType = sourcecode.c.h; path = HowToViewController.h; sourceTree = "<group>"; };
		D4E3EFED1A9277C100CEB0DB /* HowToViewController.m */ = {isa = PBXFileReference; fileEncoding = 4; lastKnownFileType = sourcecode.c.objc; path = HowToViewController.m; sourceTree = "<group>"; };
		D4EEC59E1A8EAF3000F2A7D1 /* GooglePlayGames.framework */ = {isa = PBXFileReference; lastKnownFileType = wrapper.framework; name = GooglePlayGames.framework; path = "../../../Downloads/GooglePlayGames-iOS-SDK.v3.1.1/GooglePlayGames.framework"; sourceTree = "<group>"; };
		D4EEC59F1A8EAF3000F2A7D1 /* GooglePlayGames.bundle */ = {isa = PBXFileReference; lastKnownFileType = "wrapper.plug-in"; name = GooglePlayGames.bundle; path = "../../../Downloads/GooglePlayGames-iOS-SDK.v3.1.1/GooglePlayGames.bundle"; sourceTree = "<group>"; };
		D4EEC5A21A8EAF4F00F2A7D1 /* GooglePlus.bundle */ = {isa = PBXFileReference; lastKnownFileType = "wrapper.plug-in"; name = GooglePlus.bundle; path = "../../../Downloads/google-plus-ios-sdk-1.7.1/GooglePlus.bundle"; sourceTree = "<group>"; };
		D4F126681AAF2E2B00C7FC58 /* Application.h */ = {isa = PBXFileReference; fileEncoding = 4; lastKnownFileType = sourcecode.c.h; path = Application.h; sourceTree = "<group>"; };
		D4F126691AAF2E2B00C7FC58 /* Application.m */ = {isa = PBXFileReference; fileEncoding = 4; lastKnownFileType = sourcecode.c.objc; path = Application.m; sourceTree = "<group>"; };
		D4F1266B1AAF334C00C7FC58 /* MyWebViewController.h */ = {isa = PBXFileReference; fileEncoding = 4; lastKnownFileType = sourcecode.c.h; path = MyWebViewController.h; sourceTree = "<group>"; };
		D4F1266C1AAF334C00C7FC58 /* MyWebViewController.m */ = {isa = PBXFileReference; fileEncoding = 4; lastKnownFileType = sourcecode.c.objc; path = MyWebViewController.m; sourceTree = "<group>"; };
/* End PBXFileReference section */

/* Begin PBXFrameworksBuildPhase section */
		D40ADA1C1A83BFAD00E23C48 /* Frameworks */ = {
			isa = PBXFrameworksBuildPhase;
			buildActionMask = 2147483647;
			files = (
				D46CD4021A8D4B7700BB075E /* SystemConfiguration.framework in Frameworks */,
				D46CD4001A8D4B6C00BB075E /* Security.framework in Frameworks */,
				D46CD3FE1A8D4B5800BB075E /* MediaPlayer.framework in Frameworks */,
				D46CD3FC1A8D4B4200BB075E /* Foundation.framework in Frameworks */,
				D46CD3FA1A8D4B3A00BB075E /* CoreText.framework in Frameworks */,
				D46CD3F81A8D4B3000BB075E /* CoreTelephony.framework in Frameworks */,
				D46CD3F61A8D4B2300BB075E /* CoreMotion.framework in Frameworks */,
				D480AA441AA78E4600F5BE75 /* GooglePlus.framework in Frameworks */,
				D46CD3F41A8D4B1A00BB075E /* CoreLocation.framework in Frameworks */,
				D46CD3F21A8D4B1100BB075E /* CoreData.framework in Frameworks */,
				D46CD3F01A8D4AF200BB075E /* AssetsLibrary.framework in Frameworks */,
				D46CD3EE1A8D4AD600BB075E /* AddressBook.framework in Frameworks */,
				D46CD3EC1A8D4A2800BB075E /* QuartzCore.framework in Frameworks */,
				D46CD3EA1A8D4A1700BB075E /* libz.dylib in Frameworks */,
				D480AA431AA78E4600F5BE75 /* GoogleOpenSource.framework in Frameworks */,
				D480AA421AA78E4600F5BE75 /* FacebookSDK.framework in Frameworks */,
				D46CD3E81A8D4A0B00BB075E /* libc++.dylib in Frameworks */,
				D4EEC5A01A8EAF3000F2A7D1 /* GooglePlayGames.framework in Frameworks */,
			);
			runOnlyForDeploymentPostprocessing = 0;
		};
		D40ADA351A83BFAD00E23C48 /* Frameworks */ = {
			isa = PBXFrameworksBuildPhase;
			buildActionMask = 2147483647;
			files = (
			);
			runOnlyForDeploymentPostprocessing = 0;
		};
/* End PBXFrameworksBuildPhase section */

/* Begin PBXGroup section */
		D40ADA161A83BFAD00E23C48 = {
			isa = PBXGroup;
			children = (
				D46CD4031A8D4BA500BB075E /* libs */,
				D40ADA211A83BFAD00E23C48 /* jumpsum */,
				D40ADA3B1A83BFAD00E23C48 /* jumpsumTests */,
				D40ADA201A83BFAD00E23C48 /* Products */,
			);
			sourceTree = "<group>";
		};
		D40ADA201A83BFAD00E23C48 /* Products */ = {
			isa = PBXGroup;
			children = (
				D40ADA1F1A83BFAD00E23C48 /* jumpsum.app */,
				D40ADA381A83BFAD00E23C48 /* jumpsumTests.xctest */,
			);
			name = Products;
			sourceTree = "<group>";
		};
		D40ADA211A83BFAD00E23C48 /* jumpsum */ = {
			isa = PBXGroup;
			children = (
				D4F126671AAF2E0400C7FC58 /* WebView */,
				D4B961E91A9651EA00322089 /* View */,
				D4B961E81A96515500322089 /* HowTo */,
				D46CD3DC1A8D22E800BB075E /* Model */,
				D46CD3DB1A8D22CC00BB075E /* Cells */,
				D41A02461A97D72C001590E1 /* Images */,
				D40ADA261A83BFAD00E23C48 /* AppDelegate.h */,
				D40ADA271A83BFAD00E23C48 /* AppDelegate.m */,
				D40ADA311A83BFAD00E23C48 /* LaunchScreen.xib */,
				D40ADA221A83BFAD00E23C48 /* Supporting Files */,
			);
			path = jumpsum;
			sourceTree = "<group>";
		};
		D40ADA221A83BFAD00E23C48 /* Supporting Files */ = {
			isa = PBXGroup;
			children = (
				D40ADA231A83BFAD00E23C48 /* Info.plist */,
				D40ADA241A83BFAD00E23C48 /* main.m */,
			);
			name = "Supporting Files";
			sourceTree = "<group>";
		};
		D40ADA3B1A83BFAD00E23C48 /* jumpsumTests */ = {
			isa = PBXGroup;
			children = (
				D40ADA3E1A83BFAD00E23C48 /* jumpsumTests.m */,
				D40ADA3C1A83BFAD00E23C48 /* Supporting Files */,
			);
			path = jumpsumTests;
			sourceTree = "<group>";
		};
		D40ADA3C1A83BFAD00E23C48 /* Supporting Files */ = {
			isa = PBXGroup;
			children = (
				D40ADA3D1A83BFAD00E23C48 /* Info.plist */,
			);
			name = "Supporting Files";
			sourceTree = "<group>";
		};
		D41A02461A97D72C001590E1 /* Images */ = {
			isa = PBXGroup;
			children = (
				D47826321A99153F009CD98B /* Images.xcassets */,
				D41A024F1A97DC8B001590E1 /* example1.png */,
				D41A02501A97DC8B001590E1 /* example2.png */,
				D41A02511A97DC8B001590E1 /* example3.png */,
				D41A02521A97DC8B001590E1 /* example4.png */,
			);
			name = Images;
			sourceTree = "<group>";
		};
		D46CD3DB1A8D22CC00BB075E /* Cells */ = {
			isa = PBXGroup;
			children = (
				D495055E1A9D5343002EB899 /* MyCollectionViewCell.h */,
				D495055F1A9D5343002EB899 /* MyCollectionViewCell.m */,
				D49505601A9D5343002EB899 /* MyButtonCell.h */,
				D49505611A9D5343002EB899 /* MyButtonCell.m */,
				D49505621A9D5343002EB899 /* MyLabelCell.h */,
				D49505631A9D5343002EB899 /* MyLabelCell.m */,
				D49505661A9D5343002EB899 /* CellPair.h */,
				D49505671A9D5343002EB899 /* CellPair.m */,
			);
			name = Cells;
			sourceTree = "<group>";
		};
		D46CD3DC1A8D22E800BB075E /* Model */ = {
			isa = PBXGroup;
			children = (
				D495053D1A9D5319002EB899 /* Gameboard.h */,
				D495053E1A9D5319002EB899 /* Gameboard.m */,
				D495053F1A9D5319002EB899 /* GameboardL1.h */,
				D49505401A9D5319002EB899 /* GameboardL1.m */,
				D49505411A9D5319002EB899 /* GameboardL2.h */,
				D49505421A9D5319002EB899 /* GameboardL2.m */,
				D49505431A9D5319002EB899 /* GameboardL3.h */,
				D49505441A9D5319002EB899 /* GameboardL3.m */,
				D49505451A9D5319002EB899 /* GameboardL4.h */,
				D49505461A9D5319002EB899 /* GameboardL4.m */,
				D49505471A9D5319002EB899 /* GameboardL5.h */,
				D49505481A9D5319002EB899 /* GameboardL5.m */,
				D49505491A9D5319002EB899 /* GameboardL6.h */,
				D495054A1A9D5319002EB899 /* GameboardL6.m */,
				D495054B1A9D5319002EB899 /* GameboardL7.h */,
				D495054C1A9D5319002EB899 /* GameboardL7.m */,
				D495054D1A9D5319002EB899 /* GameboardL8.h */,
				D495054E1A9D5319002EB899 /* GameboardL8.m */,
				D495054F1A9D5319002EB899 /* GameboardL9.h */,
				D49505501A9D5319002EB899 /* GameboardL9.m */,
				D49505511A9D5319002EB899 /* GameboardL10.h */,
				D49505521A9D5319002EB899 /* GameboardL10.m */,
				D479E6BB1ABC7E6F00C83592 /* GameboardL11.h */,
				D479E6BC1ABC7E6F00C83592 /* GameboardL11.m */,
			);
			name = Model;
			sourceTree = "<group>";
		};
		D46CD4031A8D4BA500BB075E /* libs */ = {
			isa = PBXGroup;
			children = (
				D480AA3F1AA78E4500F5BE75 /* FacebookSDK.framework */,
				D480AA401AA78E4600F5BE75 /* GoogleOpenSource.framework */,
				D480AA411AA78E4600F5BE75 /* GooglePlus.framework */,
				D46CD4011A8D4B7700BB075E /* SystemConfiguration.framework */,
				D46CD3FF1A8D4B6C00BB075E /* Security.framework */,
				D46CD3FD1A8D4B5800BB075E /* MediaPlayer.framework */,
				D46CD3FB1A8D4B4200BB075E /* Foundation.framework */,
				D46CD3F91A8D4B3A00BB075E /* CoreText.framework */,
				D46CD3F71A8D4B3000BB075E /* CoreTelephony.framework */,
				D46CD3F51A8D4B2300BB075E /* CoreMotion.framework */,
				D46CD3F31A8D4B1A00BB075E /* CoreLocation.framework */,
				D46CD3F11A8D4B1100BB075E /* CoreData.framework */,
				D46CD3EF1A8D4AF200BB075E /* AssetsLibrary.framework */,
				D46CD3ED1A8D4AD600BB075E /* AddressBook.framework */,
				D46CD3EB1A8D4A2800BB075E /* QuartzCore.framework */,
				D46CD3E91A8D4A1700BB075E /* libz.dylib */,
				D46CD3E71A8D4A0B00BB075E /* libc++.dylib */,
				D4EEC59E1A8EAF3000F2A7D1 /* GooglePlayGames.framework */,
				D4EEC59F1A8EAF3000F2A7D1 /* GooglePlayGames.bundle */,
				D4EEC5A21A8EAF4F00F2A7D1 /* GooglePlus.bundle */,
			);
			name = libs;
			sourceTree = "<group>";
		};
		D4B961E81A96515500322089 /* HowTo */ = {
			isa = PBXGroup;
			children = (
				D4E3EFEC1A9277C100CEB0DB /* HowToViewController.h */,
				D4E3EFED1A9277C100CEB0DB /* HowToViewController.m */,
				D4B961E51A96388A00322089 /* HowToChildViewController.h */,
				D4B961E61A96388A00322089 /* HowToChildViewController.m */,
			);
			name = HowTo;
			sourceTree = "<group>";
		};
		D4B961E91A9651EA00322089 /* View */ = {
			isa = PBXGroup;
			children = (
				D49505351A9D524E002EB899 /* JumpSum.storyboard */,
				D49505371A9D5261002EB899 /* MyTableViewController.h */,
				D49505381A9D5261002EB899 /* MyTableViewController.m */,
				D49505391A9D5261002EB899 /* MyTableViewCell.h */,
				D495053A1A9D5261002EB899 /* MyTableViewCell.m */,
				D40ADA291A83BFAD00E23C48 /* MyCollectionViewController.h */,
				D40ADA2A1A83BFAD00E23C48 /* MyCollectionViewController.m */,
				D43377D11A8410D6009CFDF0 /* MyCollectionViewLayout.h */,
				D43377D21A8410D6009CFDF0 /* MyCollectionViewLayout.m */,
			);
			name = View;
			sourceTree = "<group>";
		};
		D4F126671AAF2E0400C7FC58 /* WebView */ = {
			isa = PBXGroup;
			children = (
				D4F126681AAF2E2B00C7FC58 /* Application.h */,
				D4F126691AAF2E2B00C7FC58 /* Application.m */,
				D4F1266B1AAF334C00C7FC58 /* MyWebViewController.h */,
				D4F1266C1AAF334C00C7FC58 /* MyWebViewController.m */,
			);
			name = WebView;
			sourceTree = "<group>";
		};
/* End PBXGroup section */

/* Begin PBXNativeTarget section */
		D40ADA1E1A83BFAD00E23C48 /* jumpsum */ = {
			isa = PBXNativeTarget;
			buildConfigurationList = D40ADA421A83BFAD00E23C48 /* Build configuration list for PBXNativeTarget "jumpsum" */;
			buildPhases = (
				D40ADA1B1A83BFAD00E23C48 /* Sources */,
				D40ADA1C1A83BFAD00E23C48 /* Frameworks */,
				D40ADA1D1A83BFAD00E23C48 /* Resources */,
			);
			buildRules = (
			);
			dependencies = (
			);
			name = jumpsum;
			productName = jumpsum;
			productReference = D40ADA1F1A83BFAD00E23C48 /* jumpsum.app */;
			productType = "com.apple.product-type.application";
		};
		D40ADA371A83BFAD00E23C48 /* jumpsumTests */ = {
			isa = PBXNativeTarget;
			buildConfigurationList = D40ADA451A83BFAD00E23C48 /* Build configuration list for PBXNativeTarget "jumpsumTests" */;
			buildPhases = (
				D40ADA341A83BFAD00E23C48 /* Sources */,
				D40ADA351A83BFAD00E23C48 /* Frameworks */,
				D40ADA361A83BFAD00E23C48 /* Resources */,
			);
			buildRules = (
			);
			dependencies = (
				D40ADA3A1A83BFAD00E23C48 /* PBXTargetDependency */,
			);
			name = jumpsumTests;
			productName = jumpsumTests;
			productReference = D40ADA381A83BFAD00E23C48 /* jumpsumTests.xctest */;
			productType = "com.apple.product-type.bundle.unit-test";
		};
/* End PBXNativeTarget section */

/* Begin PBXProject section */
		D40ADA171A83BFAD00E23C48 /* Project object */ = {
			isa = PBXProject;
			attributes = {
				LastUpgradeCheck = 0600;
				ORGANIZATIONNAME = "Tyler Cap";
				TargetAttributes = {
					D40ADA1E1A83BFAD00E23C48 = {
						CreatedOnToolsVersion = 6.0.1;
					};
					D40ADA371A83BFAD00E23C48 = {
						CreatedOnToolsVersion = 6.0.1;
						TestTargetID = D40ADA1E1A83BFAD00E23C48;
					};
				};
			};
			buildConfigurationList = D40ADA1A1A83BFAD00E23C48 /* Build configuration list for PBXProject "jumpsum" */;
			compatibilityVersion = "Xcode 3.2";
			developmentRegion = English;
			hasScannedForEncodings = 0;
			knownRegions = (
				en,
				Base,
			);
			mainGroup = D40ADA161A83BFAD00E23C48;
			productRefGroup = D40ADA201A83BFAD00E23C48 /* Products */;
			projectDirPath = "";
			projectRoot = "";
			targets = (
				D40ADA1E1A83BFAD00E23C48 /* jumpsum */,
				D40ADA371A83BFAD00E23C48 /* jumpsumTests */,
			);
		};
/* End PBXProject section */

/* Begin PBXResourcesBuildPhase section */
		D40ADA1D1A83BFAD00E23C48 /* Resources */ = {
			isa = PBXResourcesBuildPhase;
			buildActionMask = 2147483647;
			files = (
				D47826331A99153F009CD98B /* Images.xcassets in Resources */,
				D4EEC5A31A8EAF4F00F2A7D1 /* GooglePlus.bundle in Resources */,
				D41A02531A97DC8B001590E1 /* example1.png in Resources */,
				D40ADA331A83BFAD00E23C48 /* LaunchScreen.xib in Resources */,
				D49505361A9D524E002EB899 /* JumpSum.storyboard in Resources */,
				D41A02541A97DC8B001590E1 /* example2.png in Resources */,
				D4EEC5A11A8EAF3000F2A7D1 /* GooglePlayGames.bundle in Resources */,
				D41A02551A97DC8B001590E1 /* example3.png in Resources */,
				D41A02561A97DC8B001590E1 /* example4.png in Resources */,
			);
			runOnlyForDeploymentPostprocessing = 0;
		};
		D40ADA361A83BFAD00E23C48 /* Resources */ = {
			isa = PBXResourcesBuildPhase;
			buildActionMask = 2147483647;
			files = (
			);
			runOnlyForDeploymentPostprocessing = 0;
		};
/* End PBXResourcesBuildPhase section */

/* Begin PBXSourcesBuildPhase section */
		D40ADA1B1A83BFAD00E23C48 /* Sources */ = {
			isa = PBXSourcesBuildPhase;
			buildActionMask = 2147483647;
			files = (
				D495055D1A9D5319002EB899 /* GameboardL10.m in Sources */,
				D49505581A9D5319002EB899 /* GameboardL5.m in Sources */,
				D49505561A9D5319002EB899 /* GameboardL3.m in Sources */,
				D40ADA2B1A83BFAD00E23C48 /* MyCollectionViewController.m in Sources */,
				D49505691A9D5343002EB899 /* MyButtonCell.m in Sources */,
				D4E3EFEE1A9277C100CEB0DB /* HowToViewController.m in Sources */,
				D495055B1A9D5319002EB899 /* GameboardL8.m in Sources */,
				D495055A1A9D5319002EB899 /* GameboardL7.m in Sources */,
				D49505591A9D5319002EB899 /* GameboardL6.m in Sources */,
				D4F1266D1AAF334C00C7FC58 /* MyWebViewController.m in Sources */,
				D495056C1A9D5343002EB899 /* CellPair.m in Sources */,
				D4B961E71A96388A00322089 /* HowToChildViewController.m in Sources */,
				D49505541A9D5319002EB899 /* GameboardL1.m in Sources */,
				D479E6BD1ABC7E6F00C83592 /* GameboardL11.m in Sources */,
				D40ADA281A83BFAD00E23C48 /* AppDelegate.m in Sources */,
				D495056A1A9D5343002EB899 /* MyLabelCell.m in Sources */,
				D49505551A9D5319002EB899 /* GameboardL2.m in Sources */,
				D49505571A9D5319002EB899 /* GameboardL4.m in Sources */,
				D495055C1A9D5319002EB899 /* GameboardL9.m in Sources */,
				D49505681A9D5343002EB899 /* MyCollectionViewCell.m in Sources */,
				D495053C1A9D5261002EB899 /* MyTableViewCell.m in Sources */,
				D49505531A9D5319002EB899 /* Gameboard.m in Sources */,
				D40ADA251A83BFAD00E23C48 /* main.m in Sources */,
				D4F1266A1AAF2E2B00C7FC58 /* Application.m in Sources */,
				D43377D31A8410D6009CFDF0 /* MyCollectionViewLayout.m in Sources */,
				D495053B1A9D5261002EB899 /* MyTableViewController.m in Sources */,
			);
			runOnlyForDeploymentPostprocessing = 0;
		};
		D40ADA341A83BFAD00E23C48 /* Sources */ = {
			isa = PBXSourcesBuildPhase;
			buildActionMask = 2147483647;
			files = (
				D40ADA3F1A83BFAD00E23C48 /* jumpsumTests.m in Sources */,
			);
			runOnlyForDeploymentPostprocessing = 0;
		};
/* End PBXSourcesBuildPhase section */

/* Begin PBXTargetDependency section */
		D40ADA3A1A83BFAD00E23C48 /* PBXTargetDependency */ = {
			isa = PBXTargetDependency;
			target = D40ADA1E1A83BFAD00E23C48 /* jumpsum */;
			targetProxy = D40ADA391A83BFAD00E23C48 /* PBXContainerItemProxy */;
		};
/* End PBXTargetDependency section */

/* Begin PBXVariantGroup section */
		D40ADA311A83BFAD00E23C48 /* LaunchScreen.xib */ = {
			isa = PBXVariantGroup;
			children = (
				D40ADA321A83BFAD00E23C48 /* Base */,
			);
			name = LaunchScreen.xib;
			sourceTree = "<group>";
		};
/* End PBXVariantGroup section */

/* Begin XCBuildConfiguration section */
		D40ADA401A83BFAD00E23C48 /* Debug */ = {
			isa = XCBuildConfiguration;
			buildSettings = {
				ALWAYS_SEARCH_USER_PATHS = NO;
				CLANG_CXX_LANGUAGE_STANDARD = "gnu++0x";
				CLANG_CXX_LIBRARY = "libc++";
				CLANG_ENABLE_MODULES = YES;
				CLANG_ENABLE_OBJC_ARC = YES;
				CLANG_WARN_BOOL_CONVERSION = YES;
				CLANG_WARN_CONSTANT_CONVERSION = YES;
				CLANG_WARN_DIRECT_OBJC_ISA_USAGE = YES_ERROR;
				CLANG_WARN_EMPTY_BODY = YES;
				CLANG_WARN_ENUM_CONVERSION = YES;
				CLANG_WARN_INT_CONVERSION = YES;
				CLANG_WARN_OBJC_ROOT_CLASS = YES_ERROR;
				CLANG_WARN_UNREACHABLE_CODE = YES;
				CLANG_WARN__DUPLICATE_METHOD_MATCH = YES;
				"CODE_SIGN_IDENTITY[sdk=iphoneos*]" = "iPhone Developer";
				COPY_PHASE_STRIP = NO;
				ENABLE_STRICT_OBJC_MSGSEND = YES;
				GCC_C_LANGUAGE_STANDARD = gnu99;
				GCC_DYNAMIC_NO_PIC = NO;
				GCC_OPTIMIZATION_LEVEL = 0;
				GCC_PREPROCESSOR_DEFINITIONS = (
					"DEBUG=1",
					"$(inherited)",
				);
				GCC_SYMBOLS_PRIVATE_EXTERN = NO;
				GCC_WARN_64_TO_32_BIT_CONVERSION = YES;
				GCC_WARN_ABOUT_RETURN_TYPE = YES_ERROR;
				GCC_WARN_UNDECLARED_SELECTOR = YES;
				GCC_WARN_UNINITIALIZED_AUTOS = YES_AGGRESSIVE;
				GCC_WARN_UNUSED_FUNCTION = YES;
				GCC_WARN_UNUSED_VARIABLE = YES;
				IPHONEOS_DEPLOYMENT_TARGET = 8.0;
				MTL_ENABLE_DEBUG_INFO = YES;
				ONLY_ACTIVE_ARCH = YES;
				SDKROOT = iphoneos;
			};
			name = Debug;
		};
		D40ADA411A83BFAD00E23C48 /* Release */ = {
			isa = XCBuildConfiguration;
			buildSettings = {
				ALWAYS_SEARCH_USER_PATHS = NO;
				CLANG_CXX_LANGUAGE_STANDARD = "gnu++0x";
				CLANG_CXX_LIBRARY = "libc++";
				CLANG_ENABLE_MODULES = YES;
				CLANG_ENABLE_OBJC_ARC = YES;
				CLANG_WARN_BOOL_CONVERSION = YES;
				CLANG_WARN_CONSTANT_CONVERSION = YES;
				CLANG_WARN_DIRECT_OBJC_ISA_USAGE = YES_ERROR;
				CLANG_WARN_EMPTY_BODY = YES;
				CLANG_WARN_ENUM_CONVERSION = YES;
				CLANG_WARN_INT_CONVERSION = YES;
				CLANG_WARN_OBJC_ROOT_CLASS = YES_ERROR;
				CLANG_WARN_UNREACHABLE_CODE = YES;
				CLANG_WARN__DUPLICATE_METHOD_MATCH = YES;
				"CODE_SIGN_IDENTITY[sdk=iphoneos*]" = "iPhone Developer";
				COPY_PHASE_STRIP = YES;
				ENABLE_NS_ASSERTIONS = NO;
				ENABLE_STRICT_OBJC_MSGSEND = YES;
				GCC_C_LANGUAGE_STANDARD = gnu99;
				GCC_WARN_64_TO_32_BIT_CONVERSION = YES;
				GCC_WARN_ABOUT_RETURN_TYPE = YES_ERROR;
				GCC_WARN_UNDECLARED_SELECTOR = YES;
				GCC_WARN_UNINITIALIZED_AUTOS = YES_AGGRESSIVE;
				GCC_WARN_UNUSED_FUNCTION = YES;
				GCC_WARN_UNUSED_VARIABLE = YES;
				IPHONEOS_DEPLOYMENT_TARGET = 8.0;
				MTL_ENABLE_DEBUG_INFO = NO;
				SDKROOT = iphoneos;
				VALIDATE_PRODUCT = YES;
			};
			name = Release;
		};
		D40ADA431A83BFAD00E23C48 /* Debug */ = {
			isa = XCBuildConfiguration;
			buildSettings = {
				ASSETCATALOG_COMPILER_APPICON_NAME = AppIcon;
				ASSETCATALOG_COMPILER_LAUNCHIMAGE_NAME = LaunchImage;
				CODE_SIGN_IDENTITY = "";
				FRAMEWORK_SEARCH_PATHS = (
					"$(inherited)",
					"$(PROJECT_DIR)",
					"/Users/tcap/Downloads/GooglePlayGames-iOS-SDK.v3.1.1",
					/Users/tcap/Documents/iOSProjects/Libs/js,
				);
				INFOPLIST_FILE = jumpsum/Info.plist;
				IPHONEOS_DEPLOYMENT_TARGET = 7.0;
				LD_RUNPATH_SEARCH_PATHS = "$(inherited) @executable_path/Frameworks";
				OTHER_LDFLAGS = "-ObjC";
				PRODUCT_NAME = jumpsum;
				PROVISIONING_PROFILE = "0d1e0100-cd2b-464c-9cf3-c5ef71fdcfca";
				TARGETED_DEVICE_FAMILY = "1,2";
			};
			name = Debug;
		};
		D40ADA441A83BFAD00E23C48 /* Release */ = {
			isa = XCBuildConfiguration;
			buildSettings = {
				ASSETCATALOG_COMPILER_APPICON_NAME = AppIcon;
				ASSETCATALOG_COMPILER_LAUNCHIMAGE_NAME = LaunchImage;
				CODE_SIGN_IDENTITY = "iPhone Distribution";
				FRAMEWORK_SEARCH_PATHS = (
					"$(inherited)",
					"$(PROJECT_DIR)",
					"/Users/tcap/Downloads/GooglePlayGames-iOS-SDK.v3.1.1",
					/Users/tcap/Documents/iOSProjects/Libs/js,
				);
				INFOPLIST_FILE = jumpsum/Info.plist;
				IPHONEOS_DEPLOYMENT_TARGET = 7.0;
				LD_RUNPATH_SEARCH_PATHS = "$(inherited) @executable_path/Frameworks";
				OTHER_LDFLAGS = "-ObjC";
				PRODUCT_NAME = jumpsum;
				PROVISIONING_PROFILE = "0d1e0100-cd2b-464c-9cf3-c5ef71fdcfca";
				TARGETED_DEVICE_FAMILY = "1,2";
			};
			name = Release;
		};
		D40ADA461A83BFAD00E23C48 /* Debug */ = {
			isa = XCBuildConfiguration;
			buildSettings = {
				BUNDLE_LOADER = "$(TEST_HOST)";
				FRAMEWORK_SEARCH_PATHS = (
					"$(SDKROOT)/Developer/Library/Frameworks",
					"$(inherited)",
				);
				GCC_PREPROCESSOR_DEFINITIONS = (
					"DEBUG=1",
					"$(inherited)",
				);
				INFOPLIST_FILE = jumpsumTests/Info.plist;
				LD_RUNPATH_SEARCH_PATHS = "$(inherited) @executable_path/Frameworks @loader_path/Frameworks";
				PRODUCT_NAME = jumpsumTests;
				TEST_HOST = "$(BUILT_PRODUCTS_DIR)/jumpsum.app/jumpsum";
			};
			name = Debug;
		};
		D40ADA471A83BFAD00E23C48 /* Release */ = {
			isa = XCBuildConfiguration;
			buildSettings = {
				BUNDLE_LOADER = "$(TEST_HOST)";
				FRAMEWORK_SEARCH_PATHS = (
					"$(SDKROOT)/Developer/Library/Frameworks",
					"$(inherited)",
				);
				INFOPLIST_FILE = jumpsumTests/Info.plist;
				LD_RUNPATH_SEARCH_PATHS = "$(inherited) @executable_path/Frameworks @loader_path/Frameworks";
				PRODUCT_NAME = jumpsumTests;
				TEST_HOST = "$(BUILT_PRODUCTS_DIR)/jumpsum.app/jumpsum";
			};
			name = Release;
		};
/* End XCBuildConfiguration section */

/* Begin XCConfigurationList section */
		D40ADA1A1A83BFAD00E23C48 /* Build configuration list for PBXProject "jumpsum" */ = {
			isa = XCConfigurationList;
			buildConfigurations = (
				D40ADA401A83BFAD00E23C48 /* Debug */,
				D40ADA411A83BFAD00E23C48 /* Release */,
			);
			defaultConfigurationIsVisible = 0;
			defaultConfigurationName = Release;
		};
		D40ADA421A83BFAD00E23C48 /* Build configuration list for PBXNativeTarget "jumpsum" */ = {
			isa = XCConfigurationList;
			buildConfigurations = (
				D40ADA431A83BFAD00E23C48 /* Debug */,
				D40ADA441A83BFAD00E23C48 /* Release */,
			);
			defaultConfigurationIsVisible = 0;
			defaultConfigurationName = Release;
		};
		D40ADA451A83BFAD00E23C48 /* Build configuration list for PBXNativeTarget "jumpsumTests" */ = {
			isa = XCConfigurationList;
			buildConfigurations = (
				D40ADA461A83BFAD00E23C48 /* Debug */,
				D40ADA471A83BFAD00E23C48 /* Release */,
			);
			defaultConfigurationIsVisible = 0;
			defaultConfigurationName = Release;
		};
/* End XCConfigurationList section */
	};
	rootObject = D40ADA171A83BFAD00E23C48 /* Project object */;
}
